
Microsoft Visual Studio Solution File, Format Version 12.00
Project("{FAE04EC0-301F-11D3-BF4B-00C04F79EFBC}") = "cards", "src\cards\cards.csproj", "{9FDD1964-6F7D-4B8B-AEAA-8FE41EFE6EE8}"
EndProject
Project("{FAE04EC0-301F-11D3-BF4B-00C04F79EFBC}") = "UnitTests", "test\UnitTests\UnitTests.csproj", "{854C13F5-3DC4-40DB-95FD-8DCBD1DFDB08}"
EndProject
Global
	GlobalSection(SolutionConfigurationPlatforms) = preSolution
		Debug|Any CPU = Debug|Any CPU
		Release|Any CPU = Release|Any CPU
	EndGlobalSection
	GlobalSection(ProjectConfigurationPlatforms) = postSolution
		{9FDD1964-6F7D-4B8B-AEAA-8FE41EFE6EE8}.Debug|Any CPU.ActiveCfg = Debug|Any CPU
		{9FDD1964-6F7D-4B8B-AEAA-8FE41EFE6EE8}.Debug|Any CPU.Build.0 = Debug|Any CPU
		{9FDD1964-6F7D-4B8B-AEAA-8FE41EFE6EE8}.Release|Any CPU.ActiveCfg = Release|Any CPU
		{9FDD1964-6F7D-4B8B-AEAA-8FE41EFE6EE8}.Release|Any CPU.Build.0 = Release|Any CPU
		{854C13F5-3DC4-40DB-95FD-8DCBD1DFDB08}.Debug|Any CPU.ActiveCfg = Debug|Any CPU
		{854C13F5-3DC4-40DB-95FD-8DCBD1DFDB08}.Debug|Any CPU.Build.0 = Debug|Any CPU
		{854C13F5-3DC4-40DB-95FD-8DCBD1DFDB08}.Release|Any CPU.ActiveCfg = Release|Any CPU
		{854C13F5-3DC4-40DB-95FD-8DCBD1DFDB08}.Release|Any CPU.Build.0 = Release|Any CPU
	EndGlobalSection
EndGlobal
